
Microsoft Visual Studio Solution File, Format Version 11.00
# Visual C# Express 2010
Project("{FAE04EC0-301F-11D3-BF4B-00C04F79EFBC}") = "ControllerBuster", "ControllerBuster\ControllerBuster\ControllerBuster.csproj", "{1971BC02-73D0-49F2-B93A-0D2956C511EA}"
EndProject
Project("{FAE04EC0-301F-11D3-BF4B-00C04F79EFBC}") = "ControllerBusterContent", "ControllerBuster\ControllerBusterContent\ControllerBusterContent.contentproj", "{D76C1E4E-F63A-4498-9831-F8D038666375}"
EndProject
Project("{FAE04EC0-301F-11D3-BF4B-00C04F79EFBC}") = "Windows Copy (2) of ControllerBuster", "ControllerBuster\ControllerBuster\Windows Copy (2) of ControllerBuster.csproj", "{A6EFC1B4-DF59-46BA-B9C7-8C5C9DA61024}"
EndProject
Global
	GlobalSection(SolutionConfigurationPlatforms) = preSolution
		Debug|Mixed Platforms = Debug|Mixed Platforms
		Debug|x86 = Debug|x86
		Debug|Xbox 360 = Debug|Xbox 360
		Release|Mixed Platforms = Release|Mixed Platforms
		Release|x86 = Release|x86
		Release|Xbox 360 = Release|Xbox 360
	EndGlobalSection
	GlobalSection(ProjectConfigurationPlatforms) = postSolution
		{1971BC02-73D0-49F2-B93A-0D2956C511EA}.Debug|Mixed Platforms.ActiveCfg = Debug|Xbox 360
		{1971BC02-73D0-49F2-B93A-0D2956C511EA}.Debug|Mixed Platforms.Build.0 = Debug|Xbox 360
		{1971BC02-73D0-49F2-B93A-0D2956C511EA}.Debug|Mixed Platforms.Deploy.0 = Debug|Xbox 360
		{1971BC02-73D0-49F2-B93A-0D2956C511EA}.Debug|x86.ActiveCfg = Debug|Xbox 360
		{1971BC02-73D0-49F2-B93A-0D2956C511EA}.Debug|x86.Build.0 = Debug|Xbox 360
		{1971BC02-73D0-49F2-B93A-0D2956C511EA}.Debug|Xbox 360.ActiveCfg = Debug|Xbox 360
		{1971BC02-73D0-49F2-B93A-0D2956C511EA}.Debug|Xbox 360.Build.0 = Debug|Xbox 360
		{1971BC02-73D0-49F2-B93A-0D2956C511EA}.Debug|Xbox 360.Deploy.0 = Debug|Xbox 360
		{1971BC02-73D0-49F2-B93A-0D2956C511EA}.Release|Mixed Platforms.ActiveCfg = Release|Xbox 360
		{1971BC02-73D0-49F2-B93A-0D2956C511EA}.Release|Mixed Platforms.Build.0 = Release|Xbox 360
		{1971BC02-73D0-49F2-B93A-0D2956C511EA}.Release|Mixed Platforms.Deploy.0 = Release|Xbox 360
		{1971BC02-73D0-49F2-B93A-0D2956C511EA}.Release|x86.ActiveCfg = Release|Xbox 360
		{1971BC02-73D0-49F2-B93A-0D2956C511EA}.Release|x86.Build.0 = Release|Xbox 360
		{1971BC02-73D0-49F2-B93A-0D2956C511EA}.Release|Xbox 360.ActiveCfg = Release|Xbox 360
		{1971BC02-73D0-49F2-B93A-0D2956C511EA}.Release|Xbox 360.Build.0 = Release|Xbox 360
		{1971BC02-73D0-49F2-B93A-0D2956C511EA}.Release|Xbox 360.Deploy.0 = Release|Xbox 360
		{D76C1E4E-F63A-4498-9831-F8D038666375}.Debug|Mixed Platforms.ActiveCfg = Debug|Xbox 360
		{D76C1E4E-F63A-4498-9831-F8D038666375}.Debug|x86.ActiveCfg = Debug|Xbox 360
		{D76C1E4E-F63A-4498-9831-F8D038666375}.Debug|Xbox 360.ActiveCfg = Debug|Xbox 360
		{D76C1E4E-F63A-4498-9831-F8D038666375}.Release|Mixed Platforms.ActiveCfg = Release|Xbox 360
		{D76C1E4E-F63A-4498-9831-F8D038666375}.Release|x86.ActiveCfg = Release|Xbox 360
		{D76C1E4E-F63A-4498-9831-F8D038666375}.Release|Xbox 360.ActiveCfg = Release|Xbox 360
		{A6EFC1B4-DF59-46BA-B9C7-8C5C9DA61024}.Debug|Mixed Platforms.ActiveCfg = Debug|x86
		{A6EFC1B4-DF59-46BA-B9C7-8C5C9DA61024}.Debug|Mixed Platforms.Build.0 = Debug|x86
		{A6EFC1B4-DF59-46BA-B9C7-8C5C9DA61024}.Debug|x86.ActiveCfg = Debug|x86
		{A6EFC1B4-DF59-46BA-B9C7-8C5C9DA61024}.Debug|x86.Build.0 = Debug|x86
		{A6EFC1B4-DF59-46BA-B9C7-8C5C9DA61024}.Debug|Xbox 360.ActiveCfg = Debug|x86
		{A6EFC1B4-DF59-46BA-B9C7-8C5C9DA61024}.Release|Mixed Platforms.ActiveCfg = Release|x86
		{A6EFC1B4-DF59-46BA-B9C7-8C5C9DA61024}.Release|Mixed Platforms.Build.0 = Release|x86
		{A6EFC1B4-DF59-46BA-B9C7-8C5C9DA61024}.Release|x86.ActiveCfg = Release|x86
		{A6EFC1B4-DF59-46BA-B9C7-8C5C9DA61024}.Release|x86.Build.0 = Release|x86
		{A6EFC1B4-DF59-46BA-B9C7-8C5C9DA61024}.Release|Xbox 360.ActiveCfg = Release|x86
	EndGlobalSection
	GlobalSection(SolutionProperties) = preSolution
		HideSolutionNode = FALSE
	EndGlobalSection
EndGlobal
